
Microsoft Visual Studio Solution File, Format Version 12.00
# Visual Studio 15
VisualStudioVersion = 15.0.28307.136
MinimumVisualStudioVersion = 10.0.40219.1
Project("{8BC9CEB8-8B4A-11D0-8D11-00A0C91BC942}") = "Exploit", "Exploit\Exploit.vcxproj", "{792C39E3-E669-4398-AA2C-536A0C4F22DD}"
EndProject
Project("{8BC9CEB8-8B4A-11D0-8D11-00A0C91BC942}") = "StackOverflow", "StackOverflow_NotSecure\StackOverflow_NotSecure.vcxproj", "{08C553E2-C5AC-451B-8318-478FEB409590}"
EndProject
Project("{8BC9CEB8-8B4A-11D0-8D11-00A0C91BC942}") = "ROP", "ROP\ROP.vcxproj", "{8B88C212-FE06-4884-8673-1A4F47428937}"
EndProject
Project("{8BC9CEB8-8B4A-11D0-8D11-00A0C91BC942}") = "IntegerOverflow", "IntegerOverflow\IntegerOverflow.vcxproj", "{E1062D5D-8D5F-4223-9765-A9966551F77F}"
EndProject
Project("{8BC9CEB8-8B4A-11D0-8D11-00A0C91BC942}") = "VptrOverwrite", "VptrOverwrite\VptrOverwrite.vcxproj", "{4E491894-BFD7-4E05-9DA8-25C475318995}"
EndProject
Global
	GlobalSection(SolutionConfigurationPlatforms) = preSolution
		Debug|x64 = Debug|x64
		Debug|x86 = Debug|x86
		Release|x64 = Release|x64
		Release|x86 = Release|x86
	EndGlobalSection
	GlobalSection(ProjectConfigurationPlatforms) = postSolution
		{792C39E3-E669-4398-AA2C-536A0C4F22DD}.Debug|x64.ActiveCfg = Debug|Win32
		{792C39E3-E669-4398-AA2C-536A0C4F22DD}.Debug|x86.ActiveCfg = Debug|Win32
		{792C39E3-E669-4398-AA2C-536A0C4F22DD}.Debug|x86.Build.0 = Debug|Win32
		{792C39E3-E669-4398-AA2C-536A0C4F22DD}.Release|x64.ActiveCfg = Release|Win32
		{792C39E3-E669-4398-AA2C-536A0C4F22DD}.Release|x86.ActiveCfg = Release|Win32
		{792C39E3-E669-4398-AA2C-536A0C4F22DD}.Release|x86.Build.0 = Release|Win32
		{08C553E2-C5AC-451B-8318-478FEB409590}.Debug|x64.ActiveCfg = Debug|Win32
		{08C553E2-C5AC-451B-8318-478FEB409590}.Debug|x86.ActiveCfg = Debug|Win32
		{08C553E2-C5AC-451B-8318-478FEB409590}.Debug|x86.Build.0 = Debug|Win32
		{08C553E2-C5AC-451B-8318-478FEB409590}.Release|x64.ActiveCfg = Release|Win32
		{08C553E2-C5AC-451B-8318-478FEB409590}.Release|x86.ActiveCfg = Release|Win32
		{08C553E2-C5AC-451B-8318-478FEB409590}.Release|x86.Build.0 = Release|Win32
		{8B88C212-FE06-4884-8673-1A4F47428937}.Debug|x64.ActiveCfg = Debug|x64
		{8B88C212-FE06-4884-8673-1A4F47428937}.Debug|x64.Build.0 = Debug|x64
		{8B88C212-FE06-4884-8673-1A4F47428937}.Debug|x86.ActiveCfg = Debug|Win32
		{8B88C212-FE06-4884-8673-1A4F47428937}.Debug|x86.Build.0 = Debug|Win32
		{8B88C212-FE06-4884-8673-1A4F47428937}.Release|x64.ActiveCfg = Release|x64
		{8B88C212-FE06-4884-8673-1A4F47428937}.Release|x64.Build.0 = Release|x64
		{8B88C212-FE06-4884-8673-1A4F47428937}.Release|x86.ActiveCfg = Release|Win32
		{8B88C212-FE06-4884-8673-1A4F47428937}.Release|x86.Build.0 = Release|Win32
		{E1062D5D-8D5F-4223-9765-A9966551F77F}.Debug|x64.ActiveCfg = Debug|Win32
		{E1062D5D-8D5F-4223-9765-A9966551F77F}.Debug|x86.ActiveCfg = Debug|Win32
		{E1062D5D-8D5F-4223-9765-A9966551F77F}.Debug|x86.Build.0 = Debug|Win32
		{E1062D5D-8D5F-4223-9765-A9966551F77F}.Release|x64.ActiveCfg = Release|Win32
		{E1062D5D-8D5F-4223-9765-A9966551F77F}.Release|x86.ActiveCfg = Release|Win32
		{E1062D5D-8D5F-4223-9765-A9966551F77F}.Release|x86.Build.0 = Release|Win32
		{4E491894-BFD7-4E05-9DA8-25C475318995}.Debug|x64.ActiveCfg = Debug|Win32
		{4E491894-BFD7-4E05-9DA8-25C475318995}.Debug|x86.ActiveCfg = Debug|Win32
		{4E491894-BFD7-4E05-9DA8-25C475318995}.Debug|x86.Build.0 = Debug|Win32
		{4E491894-BFD7-4E05-9DA8-25C475318995}.Release|x64.ActiveCfg = Release|Win32
		{4E491894-BFD7-4E05-9DA8-25C475318995}.Release|x86.ActiveCfg = Release|Win32
		{4E491894-BFD7-4E05-9DA8-25C475318995}.Release|x86.Build.0 = Release|Win32
	EndGlobalSection
	GlobalSection(SolutionProperties) = preSolution
		HideSolutionNode = FALSE
	EndGlobalSection
	GlobalSection(ExtensibilityGlobals) = postSolution
		SolutionGuid = {F61938FE-33A6-4887-A92E-F1249D1D55E8}
	EndGlobalSection
EndGlobal
